{
	"requires": true,
	"lockfileVersion": 1,
	"dependencies": {
		"@angular/animations": {
			"version": "4.4.6",
			"resolved": "https://registry.npmjs.org/@angular/animations/-/animations-4.4.6.tgz",
			"integrity": "sha1-+mYYmaik44y3xYPHpcl85l1ZKjU=",
			"requires": {
				"tslib": "1.8.1"
			}
		},
		"@angular/common": {
			"version": "4.4.6",
			"resolved": "https://registry.npmjs.org/@angular/common/-/common-4.4.6.tgz",
			"integrity": "sha1-S4FCByTggooOg5uVpV6xp+g5GPI=",
			"requires": {
				"tslib": "1.8.1"
			}
		},
		"@angular/compiler": {
			"version": "4.4.6",
			"resolved": "https://registry.npmjs.org/@angular/compiler/-/compiler-4.4.6.tgz",
			"integrity": "sha1-LuH68lt1fh0SiXkHS+f65SmzvCA=",
			"requires": {
				"tslib": "1.8.1"
			}
		},
		"@angular/core": {
			"version": "4.4.6",
			"resolved": "https://registry.npmjs.org/@angular/core/-/core-4.4.6.tgz",
			"integrity": "sha1-EwMf0Q3P5DiHVBmzjyESCVi8I1Q=",
			"requires": {
				"tslib": "1.8.1"
			}
		},
		"@angular/forms": {
			"version": "4.4.6",
			"resolved": "https://registry.npmjs.org/@angular/forms/-/forms-4.4.6.tgz",
			"integrity": "sha1-/mSs5CQ1wbgPSQNLfEHOjK8UpEo=",
			"requires": {
				"tslib": "1.8.1"
			}
		},
		"@angular/http": {
			"version": "4.4.6",
			"resolved": "https://registry.npmjs.org/@angular/http/-/http-4.4.6.tgz",
			"integrity": "sha1-CvaAxnEL3AJtlA4iXP0PalwAXQw=",
			"requires": {
				"tslib": "1.8.1"
			}
		},
		"@angular/platform-browser": {
			"version": "4.4.6",
			"resolved": "https://registry.npmjs.org/@angular/platform-browser/-/platform-browser-4.4.6.tgz",
			"integrity": "sha1-qYOcVH4bZU+h0kqJeAyLpquNzOA=",
			"requires": {
				"tslib": "1.8.1"
			}
		},
		"@angular/router": {
			"version": "4.4.6",
			"resolved": "https://registry.npmjs.org/@angular/router/-/router-4.4.6.tgz",
			"integrity": "sha1-D2rSmuD/jSyeo3m9MgRHIXt+yGY=",
			"requires": {
				"tslib": "1.8.1"
			}
		},
		"@firebase/app": {
			"version": "0.1.8",
			"resolved": "https://registry.npmjs.org/@firebase/app/-/app-0.1.8.tgz",
			"integrity": "sha512-LkXMugZ2Z2S0r9zH62YNRhCscstFqJuufEjJmb/XWCTjCKzJZKdbE/6A+WNTitNSHgAkKEF0NoGsIuyhYAubkg==",
			"requires": {
				"@firebase/app-types": "0.1.1",
				"@firebase/util": "0.1.8"
			}
		},
		"@firebase/app-types": {
			"version": "0.1.1",
			"resolved": "https://registry.npmjs.org/@firebase/app-types/-/app-types-0.1.1.tgz",
			"integrity": "sha512-0CmY/orojHIJiTyDXUqrAtCSmk2nWw7h7qamJUPcBRgAIfc3ZsjFBLo1zj0sRVzZYbTWS9cKBC8tnpFZlEMLPw=="
		},
		"@firebase/auth": {
			"version": "0.3.3",
			"resolved": "https://registry.npmjs.org/@firebase/auth/-/auth-0.3.3.tgz",
			"integrity": "sha512-ysp6A71pxHzSQ81VERtOcPMsEUEHEFSvG2ifZ57GI8rDLwgW0ViwOR9Vc53vzdq/+MbgVXPanX8bBzufoixb7A==",
			"requires": {
				"@firebase/auth-types": "0.1.1"
			}
		},
		"@firebase/auth-types": {
			"version": "0.1.1",
			"resolved": "https://registry.npmjs.org/@firebase/auth-types/-/auth-types-0.1.1.tgz",
			"integrity": "sha512-GN/PotaK7GawoGf08P+nyFIrVjUwr6xaA1T8g6kB9WSA0/pKHkR8qS0eeKOJbx4iycn+SybdXIbtm/c2juGLdQ=="
		},
		"@firebase/database": {
			"version": "0.1.9",
			"resolved": "https://registry.npmjs.org/@firebase/database/-/database-0.1.9.tgz",
			"integrity": "sha512-w7bsItAvUDMGDX7v2NTIHmt5yRYDWAdUKqC7p152dopGw6AAFgxhR5jAikq7qB2UOPB1vRy8KHlcMk3RnF6cXw==",
			"requires": {
				"@firebase/database-types": "0.1.1",
				"@firebase/util": "0.1.8",
				"faye-websocket": "0.11.1"
			}
		},
		"@firebase/database-types": {
			"version": "0.1.1",
			"resolved": "https://registry.npmjs.org/@firebase/database-types/-/database-types-0.1.1.tgz",
			"integrity": "sha512-LbLnwXFeQuxQrsuUccbiXX4j3wdajLPNcbivzypJhww+VU4W/4grnbVn/zPlRlMcG6jTwSyBnjdtJFKMSeNU+A=="
		},
		"@firebase/firestore": {
			"version": "0.3.2",
			"resolved": "https://registry.npmjs.org/@firebase/firestore/-/firestore-0.3.2.tgz",
			"integrity": "sha512-hUd70L5OD2vQwkizTVhVQkBSBsFAH9F2IsLZuNtXx3ZoL5zJ8ob5/iatIBxcTRvgAAdxDjoChf30rh3vFLVeXg==",
			"requires": {
				"@firebase/firestore-types": "0.2.1",
				"@firebase/webchannel-wrapper": "0.2.6",
				"grpc": "1.9.0"
			}
		},
		"@firebase/firestore-types": {
			"version": "0.2.1",
			"resolved": "https://registry.npmjs.org/@firebase/firestore-types/-/firestore-types-0.2.1.tgz",
			"integrity": "sha512-f6wR2Ct2NfyH9xmY7VJXgzBH8bMYxLUm3ceeUQ+JdoXtHvpdON9LOZzgY19cSp91z3fQ5I8+n5X15VLoze4oWw=="
		},
		"@firebase/messaging": {
			"version": "0.1.9",
			"resolved": "https://registry.npmjs.org/@firebase/messaging/-/messaging-0.1.9.tgz",
			"integrity": "sha512-fJ8heEhz4Cdbyx1DeZQzNPEAlxrSsFlGKAR4zK7vpwv3cTCgufbsK1jCCLdVonYWF/Jv6G61r3kJyVF02OuW1A==",
			"requires": {
				"@firebase/messaging-types": "0.1.1",
				"@firebase/util": "0.1.8"
			}
		},
		"@firebase/messaging-types": {
			"version": "0.1.1",
			"resolved": "https://registry.npmjs.org/@firebase/messaging-types/-/messaging-types-0.1.1.tgz",
			"integrity": "sha512-MDAB2Il/HhhQnlYvfvqbd7SYFk30wWSLehcp+8LEdRGn1mctQJHQUT3Y1gRChUFbA4a94enGfR5NPOBKbTMbkA=="
		},
		"@firebase/polyfill": {
			"version": "0.1.4",
			"resolved": "https://registry.npmjs.org/@firebase/polyfill/-/polyfill-0.1.4.tgz",
			"integrity": "sha512-Ega4DpDDUjHCa9UDp9LafY/FN7ATiohFRfqHM0ikbMB0i+eDkw9TJjiaXFaC+xLQbq0J3WxbaAhdvD81IEsRWQ==",
			"requires": {
				"promise-polyfill": "6.1.0"
			}
		},
		"@firebase/storage": {
			"version": "0.1.6",
			"resolved": "https://registry.npmjs.org/@firebase/storage/-/storage-0.1.6.tgz",
			"integrity": "sha512-BefvT57XRoCABgPmYbWjVNRIr8rsGNrBvnP1Wa4ya39FJEWhnzMrom+DQDukBFaq4QpjaIfbqYo7mC67g+j/Sw==",
			"requires": {
				"@firebase/storage-types": "0.1.1"
			}
		},
		"@firebase/storage-types": {
			"version": "0.1.1",
			"resolved": "https://registry.npmjs.org/@firebase/storage-types/-/storage-types-0.1.1.tgz",
			"integrity": "sha512-5xFcXUCu9MF0stI8ZN6C8B3d5+GWY+DU0h0Itz3Xy+kexGP93i6tdw8HlKhKvPsT2rLmP5Y2nmOI5/tcCt+GGw=="
		},
		"@firebase/util": {
			"version": "0.1.8",
			"resolved": "https://registry.npmjs.org/@firebase/util/-/util-0.1.8.tgz",
			"integrity": "sha512-SfWLSfp1MXb5ItG3wGfdxxIDzFMcjq2E0iz9C7sstzD3mJ8/q55Sd8esAL3VQx5jD/hbfKUypsBczr5A0ML7Tw=="
		},
		"@firebase/webchannel-wrapper": {
			"version": "0.2.6",
			"resolved": "https://registry.npmjs.org/@firebase/webchannel-wrapper/-/webchannel-wrapper-0.2.6.tgz",
			"integrity": "sha512-Uv9ieuHVogIOOzpGmdjV3/0asMJPdssq2vrOYJ/UTlvekT6aGdv+sx2WWvIrGRWfFxWIkOxCqpqaGMYbhc88Pg=="
		},
		"ansi-regex": {
			"version": "2.1.1",
			"resolved": "https://registry.npmjs.org/ansi-regex/-/ansi-regex-2.1.1.tgz",
			"integrity": "sha1-w7M6te42DYbg5ijwRorn7yfWVN8="
		},
		"ansi-styles": {
			"version": "2.2.1",
			"resolved": "https://registry.npmjs.org/ansi-styles/-/ansi-styles-2.2.1.tgz",
			"integrity": "sha1-tDLdM1i2NM914eRmQ2gkBTPB3b4=",
			"dev": true
		},
		"ascli": {
			"version": "1.0.1",
			"resolved": "https://registry.npmjs.org/ascli/-/ascli-1.0.1.tgz",
			"integrity": "sha1-vPpZdKYvGOgcq660lzKrSoj5Brw=",
			"requires": {
				"colour": "0.7.1",
				"optjs": "3.2.2"
			}
		},
		"async": {
			"version": "0.1.22",
			"resolved": "https://registry.npmjs.org/async/-/async-0.1.22.tgz",
			"integrity": "sha1-D8GqoIig4+8Ovi2IMbqw3PiEUGE="
		},
		"babel-code-frame": {
			"version": "6.26.0",
			"resolved": "https://registry.npmjs.org/babel-code-frame/-/babel-code-frame-6.26.0.tgz",
			"integrity": "sha1-Y/1D99weO7fONZR9uP42mj9Yx0s=",
			"dev": true,
			"requires": {
				"chalk": "1.1.3",
				"esutils": "2.0.2",
				"js-tokens": "3.0.2"
			}
		},
		"babel-messages": {
			"version": "6.23.0",
			"resolved": "https://registry.npmjs.org/babel-messages/-/babel-messages-6.23.0.tgz",
			"integrity": "sha1-8830cDhYA1sqKVHG7F7fbGLyYw4=",
			"dev": true,
			"requires": {
				"babel-runtime": "6.26.0"
			},
			"dependencies": {
				"babel-runtime": {
					"version": "6.26.0",
					"resolved": "https://registry.npmjs.org/babel-runtime/-/babel-runtime-6.26.0.tgz",
					"integrity": "sha1-llxwWGaOgrVde/4E/yM3vItWR/4=",
					"dev": true,
					"requires": {
						"core-js": "2.5.3",
						"regenerator-runtime": "0.11.1"
					}
				}
			}
		},
		"babel-runtime": {
			"version": "5.8.38",
			"resolved": "https://registry.npmjs.org/babel-runtime/-/babel-runtime-5.8.38.tgz",
			"integrity": "sha1-HAsC62MxL18If/IEUIJ7QlydTBk=",
			"dev": true,
			"requires": {
				"core-js": "1.2.7"
			},
			"dependencies": {
				"core-js": {
					"version": "1.2.7",
					"resolved": "https://registry.npmjs.org/core-js/-/core-js-1.2.7.tgz",
					"integrity": "sha1-ZSKUwUZR2yj6k70tX/KYOk8IxjY=",
					"dev": true
				}
			}
		},
		"babel-traverse": {
			"version": "6.4.5",
			"resolved": "https://registry.npmjs.org/babel-traverse/-/babel-traverse-6.4.5.tgz",
			"integrity": "sha1-hLlUFu4IlfHkI8xZN281v7CIhNs=",
			"dev": true,
			"requires": {
				"babel-code-frame": "6.26.0",
				"babel-messages": "6.23.0",
				"babel-runtime": "5.8.38",
				"babel-types": "6.4.5",
				"babylon": "6.4.5",
				"debug": "2.6.9",
				"globals": "8.18.0",
				"invariant": "2.2.2",
				"lodash": "3.10.1",
				"repeating": "1.1.3"
			}
		},
		"babel-types": {
			"version": "6.4.5",
			"resolved": "https://registry.npmjs.org/babel-types/-/babel-types-6.4.5.tgz",
			"integrity": "sha1-WJuchDiC1G/SNFQ2TLEdkf7dOjQ=",
			"dev": true,
			"requires": {
				"babel-runtime": "5.8.38",
				"babel-traverse": "6.4.5",
				"esutils": "2.0.2",
				"lodash": "3.10.1",
				"to-fast-properties": "1.0.3"
			}
		},
		"babylon": {
			"version": "6.4.5",
			"resolved": "https://registry.npmjs.org/babylon/-/babylon-6.4.5.tgz",
			"integrity": "sha1-uiO5ThbEb0thjh8r+Z7+OErLSYo=",
			"dev": true,
			"requires": {
				"babel-runtime": "5.8.38"
			}
		},
		"balanced-match": {
			"version": "1.0.0",
			"resolved": "https://registry.npmjs.org/balanced-match/-/balanced-match-1.0.0.tgz",
			"integrity": "sha1-ibTRmasr7kneFk6gK4nORi1xt2c="
		},
		"brace-expansion": {
			"version": "1.1.8",
			"resolved": "https://registry.npmjs.org/brace-expansion/-/brace-expansion-1.1.8.tgz",
			"integrity": "sha1-wHshHHyVLsH479Uad+8NHTmQopI=",
			"requires": {
				"balanced-match": "1.0.0",
				"concat-map": "0.0.1"
			}
		},
		"bytebuffer": {
			"version": "5.0.1",
			"resolved": "https://registry.npmjs.org/bytebuffer/-/bytebuffer-5.0.1.tgz",
			"integrity": "sha1-WC7qSxqHO20CCkjVjfhfC7ps/d0=",
			"requires": {
				"long": "3.2.0"
			}
		},
		"camelcase": {
			"version": "2.1.1",
			"resolved": "https://registry.npmjs.org/camelcase/-/camelcase-2.1.1.tgz",
			"integrity": "sha1-fB0W1nmhu+WcoCys7PsBHiAfWh8="
		},
		"chalk": {
			"version": "1.1.3",
			"resolved": "https://registry.npmjs.org/chalk/-/chalk-1.1.3.tgz",
			"integrity": "sha1-qBFcVeSnAv5NFQq9OHKCKn4J/Jg=",
			"dev": true,
			"requires": {
				"ansi-styles": "2.2.1",
				"escape-string-regexp": "1.0.5",
				"has-ansi": "2.0.0",
				"strip-ansi": "3.0.1",
				"supports-color": "2.0.0"
			}
		},
		"cliui": {
			"version": "3.2.0",
			"resolved": "https://registry.npmjs.org/cliui/-/cliui-3.2.0.tgz",
			"integrity": "sha1-EgYBU3qRbSmUD5NNo7SNWFo5IT0=",
			"requires": {
				"string-width": "1.0.2",
				"strip-ansi": "3.0.1",
				"wrap-ansi": "2.1.0"
			}
		},
		"code-point-at": {
			"version": "1.1.0",
			"resolved": "https://registry.npmjs.org/code-point-at/-/code-point-at-1.1.0.tgz",
			"integrity": "sha1-DQcLTQQ6W+ozovGkDi7bPZpMz3c="
		},
		"colors": {
			"version": "0.6.2",
			"resolved": "https://registry.npmjs.org/colors/-/colors-0.6.2.tgz",
			"integrity": "sha1-JCP+ZnisDF2uiFLl0OW+CMmXq8w="
		},
		"colour": {
			"version": "0.7.1",
			"resolved": "https://registry.npmjs.org/colour/-/colour-0.7.1.tgz",
			"integrity": "sha1-nLFpkX7F0SwHNtPoaFdG3xyt93g="
		},
		"concat-map": {
			"version": "0.0.1",
			"resolved": "https://registry.npmjs.org/concat-map/-/concat-map-0.0.1.tgz",
			"integrity": "sha1-2Klr13/Wjfd5OnMDajug1UBdR3s="
		},
		"core-js": {
			"version": "2.5.3",
			"resolved": "https://registry.npmjs.org/core-js/-/core-js-2.5.3.tgz",
			"integrity": "sha1-isw4NFgk8W2DZbfJtCWRaOjtYD4=",
			"dev": true
		},
		"debug": {
			"version": "2.6.9",
			"resolved": "https://registry.npmjs.org/debug/-/debug-2.6.9.tgz",
			"integrity": "sha512-bC7ElrdJaJnPbAP+1EotYvqZsb3ecl5wi6Bfi6BJTUcNowp6cvspg0jXznRTKDjm/E7AdgFBVeAPVMNcKGsHMA==",
			"dev": true,
			"requires": {
				"ms": "2.0.0"
			}
		},
		"decamelize": {
			"version": "1.2.0",
			"resolved": "https://registry.npmjs.org/decamelize/-/decamelize-1.2.0.tgz",
			"integrity": "sha1-9lNNFRSCabIDUue+4m9QH5oZEpA="
		},
		"dom-storage": {
			"version": "2.0.2",
			"resolved": "https://registry.npmjs.org/dom-storage/-/dom-storage-2.0.2.tgz",
			"integrity": "sha1-7RfL9oq9EOCu+BgnE+KXxeS1ALA="
		},
		"escape-string-regexp": {
			"version": "1.0.5",
			"resolved": "https://registry.npmjs.org/escape-string-regexp/-/escape-string-regexp-1.0.5.tgz",
			"integrity": "sha1-G2HAViGQqN/2rjuyzwIAyhMLhtQ=",
			"dev": true
		},
		"esutils": {
			"version": "2.0.2",
			"resolved": "https://registry.npmjs.org/esutils/-/esutils-2.0.2.tgz",
			"integrity": "sha1-Cr9PHKpbyx96nYrMbepPqqBLrJs=",
			"dev": true
		},
		"faye-websocket": {
			"version": "0.11.1",
			"resolved": "https://registry.npmjs.org/faye-websocket/-/faye-websocket-0.11.1.tgz",
			"integrity": "sha1-8O/hjE9W5PQK/H4Gxxn9XuYYjzg=",
			"requires": {
				"websocket-driver": "0.7.0"
			}
		},
		"firebase": {
			"version": "4.9.1",
			"resolved": "https://registry.npmjs.org/firebase/-/firebase-4.9.1.tgz",
			"integrity": "sha512-PMZCkju+Fs2DvtKxuuQPRxWq2fvlgmGXeNF2kHVNeZ1x+cA2OKrC3+HzbmjrgMChFejvFJrqPiPGPv/I3odhrQ==",
			"requires": {
				"@firebase/app": "0.1.8",
				"@firebase/auth": "0.3.3",
				"@firebase/database": "0.1.9",
				"@firebase/firestore": "0.3.2",
				"@firebase/messaging": "0.1.9",
				"@firebase/polyfill": "0.1.4",
				"@firebase/storage": "0.1.6",
				"dom-storage": "2.0.2",
				"xmlhttprequest": "1.8.0"
			}
		},
		"fs.realpath": {
			"version": "1.0.0",
			"resolved": "https://registry.npmjs.org/fs.realpath/-/fs.realpath-1.0.0.tgz",
			"integrity": "sha1-FQStJSMVjKpA20onh8sBQRmU6k8="
		},
		"glob": {
			"version": "6.0.4",
			"resolved": "https://registry.npmjs.org/glob/-/glob-6.0.4.tgz",
			"integrity": "sha1-DwiGD2oVUSey+t1PnOJLGqtuTSI=",
			"requires": {
				"inflight": "1.0.6",
				"inherits": "2.0.3",
				"minimatch": "3.0.4",
				"once": "1.4.0",
				"path-is-absolute": "1.0.1"
			}
		},
		"globals": {
			"version": "8.18.0",
			"resolved": "https://registry.npmjs.org/globals/-/globals-8.18.0.tgz",
			"integrity": "sha1-k9SmK9ysOM+vr8R9awNHaMsP/LQ=",
			"dev": true
		},
		"grpc": {
			"version": "1.9.0",
			"resolved": "https://registry.npmjs.org/grpc/-/grpc-1.9.0.tgz",
			"integrity": "sha512-F4j7ireH/ssXcBNTGR3yFjRHTWdJmtg6Czm5tnQYwIuhZh4znx8KhA50dpAkjNqrrbzt97N6hd/TXOPTZGmvtQ==",
			"requires": {
				"lodash": "4.17.5",
				"nan": "2.8.0",
				"node-pre-gyp": "0.6.39",
				"protobufjs": "5.0.2"
			},
			"dependencies": {
				"abbrev": {
					"version": "1.1.1",
					"bundled": true
				},
				"ajv": {
					"version": "4.11.8",
					"bundled": true,
					"requires": {
						"co": "4.6.0",
						"json-stable-stringify": "1.0.1"
					}
				},
				"ansi-regex": {
					"version": "2.1.1",
					"bundled": true
				},
				"aproba": {
					"version": "1.2.0",
					"bundled": true
				},
				"are-we-there-yet": {
					"version": "1.1.4",
					"bundled": true,
					"requires": {
						"delegates": "1.0.0",
						"readable-stream": "2.3.3"
					}
				},
				"asn1": {
					"version": "0.2.3",
					"bundled": true
				},
				"assert-plus": {
					"version": "0.2.0",
					"bundled": true
				},
				"asynckit": {
					"version": "0.4.0",
					"bundled": true
				},
				"aws-sign2": {
					"version": "0.6.0",
					"bundled": true
				},
				"aws4": {
					"version": "1.6.0",
					"bundled": true
				},
				"balanced-match": {
					"version": "1.0.0",
					"bundled": true
				},
				"bcrypt-pbkdf": {
					"version": "1.0.1",
					"bundled": true,
					"optional": true,
					"requires": {
						"tweetnacl": "0.14.5"
					}
				},
				"block-stream": {
					"version": "0.0.9",
					"bundled": true,
					"requires": {
						"inherits": "2.0.3"
					}
				},
				"boom": {
					"version": "2.10.1",
					"bundled": true,
					"requires": {
						"hoek": "2.16.3"
					}
				},
				"brace-expansion": {
					"version": "1.1.8",
					"bundled": true,
					"requires": {
						"balanced-match": "1.0.0",
						"concat-map": "0.0.1"
					}
				},
				"caseless": {
					"version": "0.12.0",
					"bundled": true
				},
				"co": {
					"version": "4.6.0",
					"bundled": true
				},
				"code-point-at": {
					"version": "1.1.0",
					"bundled": true
				},
				"combined-stream": {
					"version": "1.0.5",
					"bundled": true,
					"requires": {
						"delayed-stream": "1.0.0"
					}
				},
				"concat-map": {
					"version": "0.0.1",
					"bundled": true
				},
				"console-control-strings": {
					"version": "1.1.0",
					"bundled": true
				},
				"core-util-is": {
					"version": "1.0.2",
					"bundled": true
				},
				"cryptiles": {
					"version": "2.0.5",
					"bundled": true,
					"requires": {
						"boom": "2.10.1"
					}
				},
				"dashdash": {
					"version": "1.14.1",
					"bundled": true,
					"requires": {
						"assert-plus": "1.0.0"
					},
					"dependencies": {
						"assert-plus": {
							"version": "1.0.0",
							"bundled": true
						}
					}
				},
				"debug": {
					"version": "2.6.9",
					"bundled": true,
					"requires": {
						"ms": "2.0.0"
					}
				},
				"deep-extend": {
					"version": "0.4.2",
					"bundled": true
				},
				"delayed-stream": {
					"version": "1.0.0",
					"bundled": true
				},
				"delegates": {
					"version": "1.0.0",
					"bundled": true
				},
				"detect-libc": {
					"version": "1.0.3",
					"bundled": true
				},
				"ecc-jsbn": {
					"version": "0.1.1",
					"bundled": true,
					"optional": true,
					"requires": {
						"jsbn": "0.1.1"
					}
				},
				"extend": {
					"version": "3.0.1",
					"bundled": true
				},
				"extsprintf": {
					"version": "1.3.0",
					"bundled": true
				},
				"forever-agent": {
					"version": "0.6.1",
					"bundled": true
				},
				"form-data": {
					"version": "2.1.4",
					"bundled": true,
					"requires": {
						"asynckit": "0.4.0",
						"combined-stream": "1.0.5",
						"mime-types": "2.1.17"
					}
				},
				"fs.realpath": {
					"version": "1.0.0",
					"bundled": true
				},
				"fstream": {
					"version": "1.0.11",
					"bundled": true,
					"requires": {
						"graceful-fs": "4.1.11",
						"inherits": "2.0.3",
						"mkdirp": "0.5.1",
						"rimraf": "2.6.2"
					}
				},
				"fstream-ignore": {
					"version": "1.0.5",
					"bundled": true,
					"requires": {
						"fstream": "1.0.11",
						"inherits": "2.0.3",
						"minimatch": "3.0.4"
					}
				},
				"gauge": {
					"version": "2.7.4",
					"bundled": true,
					"requires": {
						"aproba": "1.2.0",
						"console-control-strings": "1.1.0",
						"has-unicode": "2.0.1",
						"object-assign": "4.1.1",
						"signal-exit": "3.0.2",
						"string-width": "1.0.2",
						"strip-ansi": "3.0.1",
						"wide-align": "1.1.2"
					}
				},
				"getpass": {
					"version": "0.1.7",
					"bundled": true,
					"requires": {
						"assert-plus": "1.0.0"
					},
					"dependencies": {
						"assert-plus": {
							"version": "1.0.0",
							"bundled": true
						}
					}
				},
				"glob": {
					"version": "7.1.2",
					"bundled": true,
					"requires": {
						"fs.realpath": "1.0.0",
						"inflight": "1.0.6",
						"inherits": "2.0.3",
						"minimatch": "3.0.4",
						"once": "1.4.0",
						"path-is-absolute": "1.0.1"
					}
				},
				"graceful-fs": {
					"version": "4.1.11",
					"bundled": true
				},
				"har-schema": {
					"version": "1.0.5",
					"bundled": true
				},
				"har-validator": {
					"version": "4.2.1",
					"bundled": true,
					"requires": {
						"ajv": "4.11.8",
						"har-schema": "1.0.5"
					}
				},
				"has-unicode": {
					"version": "2.0.1",
					"bundled": true
				},
				"hawk": {
					"version": "3.1.3",
					"bundled": true,
					"requires": {
						"boom": "2.10.1",
						"cryptiles": "2.0.5",
						"hoek": "2.16.3",
						"sntp": "1.0.9"
					}
				},
				"hoek": {
					"version": "2.16.3",
					"bundled": true
				},
				"http-signature": {
					"version": "1.1.1",
					"bundled": true,
					"requires": {
						"assert-plus": "0.2.0",
						"jsprim": "1.4.1",
						"sshpk": "1.13.1"
					}
				},
				"inflight": {
					"version": "1.0.6",
					"bundled": true,
					"requires": {
						"once": "1.4.0",
						"wrappy": "1.0.2"
					}
				},
				"inherits": {
					"version": "2.0.3",
					"bundled": true
				},
				"ini": {
					"version": "1.3.5",
					"bundled": true
				},
				"is-fullwidth-code-point": {
					"version": "1.0.0",
					"bundled": true,
					"requires": {
						"number-is-nan": "1.0.1"
					}
				},
				"is-typedarray": {
					"version": "1.0.0",
					"bundled": true
				},
				"isarray": {
					"version": "1.0.0",
					"bundled": true
				},
				"isstream": {
					"version": "0.1.2",
					"bundled": true
				},
				"jsbn": {
					"version": "0.1.1",
					"bundled": true,
					"optional": true
				},
				"json-schema": {
					"version": "0.2.3",
					"bundled": true
				},
				"json-stable-stringify": {
					"version": "1.0.1",
					"bundled": true,
					"requires": {
						"jsonify": "0.0.0"
					}
				},
				"json-stringify-safe": {
					"version": "5.0.1",
					"bundled": true
				},
				"jsonify": {
					"version": "0.0.0",
					"bundled": true
				},
				"jsprim": {
					"version": "1.4.1",
					"bundled": true,
					"requires": {
						"assert-plus": "1.0.0",
						"extsprintf": "1.3.0",
						"json-schema": "0.2.3",
						"verror": "1.10.0"
					},
					"dependencies": {
						"assert-plus": {
							"version": "1.0.0",
							"bundled": true
						}
					}
				},
				"lodash": {
					"version": "4.17.5",
					"resolved": "https://registry.npmjs.org/lodash/-/lodash-4.17.5.tgz",
					"integrity": "sha512-svL3uiZf1RwhH+cWrfZn3A4+U58wbP0tGVTLQPbjplZxZ8ROD9VLuNgsRniTlLe7OlSqR79RUehXgpBW/s0IQw=="
				},
				"mime-db": {
					"version": "1.30.0",
					"bundled": true
				},
				"mime-types": {
					"version": "2.1.17",
					"bundled": true,
					"requires": {
						"mime-db": "1.30.0"
					}
				},
				"minimatch": {
					"version": "3.0.4",
					"bundled": true,
					"requires": {
						"brace-expansion": "1.1.8"
					}
				},
				"minimist": {
					"version": "0.0.8",
					"bundled": true
				},
				"mkdirp": {
					"version": "0.5.1",
					"bundled": true,
					"requires": {
						"minimist": "0.0.8"
					}
				},
				"ms": {
					"version": "2.0.0",
					"bundled": true
				},
				"node-pre-gyp": {
					"version": "0.6.39",
					"bundled": true,
					"requires": {
						"detect-libc": "1.0.3",
						"hawk": "3.1.3",
						"mkdirp": "0.5.1",
						"nopt": "4.0.1",
						"npmlog": "4.1.2",
						"rc": "1.2.4",
						"request": "2.81.0",
						"rimraf": "2.6.2",
						"semver": "5.5.0",
						"tar": "2.2.1",
						"tar-pack": "3.4.1"
					}
				},
				"nopt": {
					"version": "4.0.1",
					"bundled": true,
					"requires": {
						"abbrev": "1.1.1",
						"osenv": "0.1.4"
					}
				},
				"npmlog": {
					"version": "4.1.2",
					"bundled": true,
					"requires": {
						"are-we-there-yet": "1.1.4",
						"console-control-strings": "1.1.0",
						"gauge": "2.7.4",
						"set-blocking": "2.0.0"
					}
				},
				"number-is-nan": {
					"version": "1.0.1",
					"bundled": true
				},
				"oauth-sign": {
					"version": "0.8.2",
					"bundled": true
				},
				"object-assign": {
					"version": "4.1.1",
					"bundled": true
				},
				"once": {
					"version": "1.4.0",
					"bundled": true,
					"requires": {
						"wrappy": "1.0.2"
					}
				},
				"os-homedir": {
					"version": "1.0.2",
					"bundled": true
				},
				"os-tmpdir": {
					"version": "1.0.2",
					"bundled": true
				},
				"osenv": {
					"version": "0.1.4",
					"bundled": true,
					"requires": {
						"os-homedir": "1.0.2",
						"os-tmpdir": "1.0.2"
					}
				},
				"path-is-absolute": {
					"version": "1.0.1",
					"bundled": true
				},
				"performance-now": {
					"version": "0.2.0",
					"bundled": true
				},
				"process-nextick-args": {
					"version": "1.0.7",
					"bundled": true
				},
				"punycode": {
					"version": "1.4.1",
					"bundled": true
				},
				"qs": {
					"version": "6.4.0",
					"bundled": true
				},
				"rc": {
					"version": "1.2.4",
					"bundled": true,
					"requires": {
						"deep-extend": "0.4.2",
						"ini": "1.3.5",
						"minimist": "1.2.0",
						"strip-json-comments": "2.0.1"
					},
					"dependencies": {
						"minimist": {
							"version": "1.2.0",
							"bundled": true
						}
					}
				},
				"readable-stream": {
					"version": "2.3.3",
					"bundled": true,
					"requires": {
						"core-util-is": "1.0.2",
						"inherits": "2.0.3",
						"isarray": "1.0.0",
						"process-nextick-args": "1.0.7",
						"safe-buffer": "5.1.1",
						"string_decoder": "1.0.3",
						"util-deprecate": "1.0.2"
					}
				},
				"request": {
					"version": "2.81.0",
					"bundled": true,
					"requires": {
						"aws-sign2": "0.6.0",
						"aws4": "1.6.0",
						"caseless": "0.12.0",
						"combined-stream": "1.0.5",
						"extend": "3.0.1",
						"forever-agent": "0.6.1",
						"form-data": "2.1.4",
						"har-validator": "4.2.1",
						"hawk": "3.1.3",
						"http-signature": "1.1.1",
						"is-typedarray": "1.0.0",
						"isstream": "0.1.2",
						"json-stringify-safe": "5.0.1",
						"mime-types": "2.1.17",
						"oauth-sign": "0.8.2",
						"performance-now": "0.2.0",
						"qs": "6.4.0",
						"safe-buffer": "5.1.1",
						"stringstream": "0.0.5",
						"tough-cookie": "2.3.3",
						"tunnel-agent": "0.6.0",
						"uuid": "3.2.1"
					}
				},
				"rimraf": {
					"version": "2.6.2",
					"bundled": true,
					"requires": {
						"glob": "7.1.2"
					}
				},
				"safe-buffer": {
					"version": "5.1.1",
					"bundled": true
				},
				"semver": {
					"version": "5.5.0",
					"bundled": true
				},
				"set-blocking": {
					"version": "2.0.0",
					"bundled": true
				},
				"signal-exit": {
					"version": "3.0.2",
					"bundled": true
				},
				"sntp": {
					"version": "1.0.9",
					"bundled": true,
					"requires": {
						"hoek": "2.16.3"
					}
				},
				"sshpk": {
					"version": "1.13.1",
					"bundled": true,
					"requires": {
						"asn1": "0.2.3",
						"assert-plus": "1.0.0",
						"bcrypt-pbkdf": "1.0.1",
						"dashdash": "1.14.1",
						"ecc-jsbn": "0.1.1",
						"getpass": "0.1.7",
						"jsbn": "0.1.1",
						"tweetnacl": "0.14.5"
					},
					"dependencies": {
						"assert-plus": {
							"version": "1.0.0",
							"bundled": true
						}
					}
				},
				"string-width": {
					"version": "1.0.2",
					"bundled": true,
					"requires": {
						"code-point-at": "1.1.0",
						"is-fullwidth-code-point": "1.0.0",
						"strip-ansi": "3.0.1"
					}
				},
				"string_decoder": {
					"version": "1.0.3",
					"bundled": true,
					"requires": {
						"safe-buffer": "5.1.1"
					}
				},
				"stringstream": {
					"version": "0.0.5",
					"bundled": true
				},
				"strip-ansi": {
					"version": "3.0.1",
					"bundled": true,
					"requires": {
						"ansi-regex": "2.1.1"
					}
				},
				"strip-json-comments": {
					"version": "2.0.1",
					"bundled": true
				},
				"tar": {
					"version": "2.2.1",
					"bundled": true,
					"requires": {
						"block-stream": "0.0.9",
						"fstream": "1.0.11",
						"inherits": "2.0.3"
					}
				},
				"tar-pack": {
					"version": "3.4.1",
					"bundled": true,
					"requires": {
						"debug": "2.6.9",
						"fstream": "1.0.11",
						"fstream-ignore": "1.0.5",
						"once": "1.4.0",
						"readable-stream": "2.3.3",
						"rimraf": "2.6.2",
						"tar": "2.2.1",
						"uid-number": "0.0.6"
					}
				},
				"tough-cookie": {
					"version": "2.3.3",
					"bundled": true,
					"requires": {
						"punycode": "1.4.1"
					}
				},
				"tunnel-agent": {
					"version": "0.6.0",
					"bundled": true,
					"requires": {
						"safe-buffer": "5.1.1"
					}
				},
				"tweetnacl": {
					"version": "0.14.5",
					"bundled": true,
					"optional": true
				},
				"uid-number": {
					"version": "0.0.6",
					"bundled": true
				},
				"util-deprecate": {
					"version": "1.0.2",
					"bundled": true
				},
				"uuid": {
					"version": "3.2.1",
					"bundled": true
				},
				"verror": {
					"version": "1.10.0",
					"bundled": true,
					"requires": {
						"assert-plus": "1.0.0",
						"core-util-is": "1.0.2",
						"extsprintf": "1.3.0"
					},
					"dependencies": {
						"assert-plus": {
							"version": "1.0.0",
							"bundled": true
						}
					}
				},
				"wide-align": {
					"version": "1.1.2",
					"bundled": true,
					"requires": {
						"string-width": "1.0.2"
					}
				},
				"wrappy": {
					"version": "1.0.2",
					"bundled": true
				}
			}
		},
		"has-ansi": {
			"version": "2.0.0",
			"resolved": "https://registry.npmjs.org/has-ansi/-/has-ansi-2.0.0.tgz",
			"integrity": "sha1-NPUEnOHs3ysGSa8+8k5F7TVBbZE=",
			"dev": true,
			"requires": {
				"ansi-regex": "2.1.1"
			}
		},
		"http-parser-js": {
			"version": "0.4.10",
			"resolved": "https://registry.npmjs.org/http-parser-js/-/http-parser-js-0.4.10.tgz",
			"integrity": "sha1-ksnBN0w1CF912zWexWzCV8u5P6Q="
		},
		"inflight": {
			"version": "1.0.6",
			"resolved": "https://registry.npmjs.org/inflight/-/inflight-1.0.6.tgz",
			"integrity": "sha1-Sb1jMdfQLQwJvJEKEHW6gWW1bfk=",
			"requires": {
				"once": "1.4.0",
				"wrappy": "1.0.2"
			}
		},
		"inherits": {
			"version": "2.0.3",
			"resolved": "https://registry.npmjs.org/inherits/-/inherits-2.0.3.tgz",
			"integrity": "sha1-Yzwsg+PaQqUC9SRmAiSA9CCCYd4="
		},
		"invariant": {
			"version": "2.2.2",
			"resolved": "https://registry.npmjs.org/invariant/-/invariant-2.2.2.tgz",
			"integrity": "sha1-nh9WrArNtr8wMwbzOL47IErmA2A=",
			"dev": true,
			"requires": {
				"loose-envify": "1.3.1"
			}
		},
		"invert-kv": {
			"version": "1.0.0",
			"resolved": "https://registry.npmjs.org/invert-kv/-/invert-kv-1.0.0.tgz",
			"integrity": "sha1-EEqOSqym09jNFXqO+L+rLXo//bY="
		},
		"is-finite": {
			"version": "1.0.2",
			"resolved": "https://registry.npmjs.org/is-finite/-/is-finite-1.0.2.tgz",
			"integrity": "sha1-zGZ3aVYCvlUO8R6LSqYwU0K20Ko=",
			"dev": true,
			"requires": {
				"number-is-nan": "1.0.1"
			}
		},
		"is-fullwidth-code-point": {
			"version": "1.0.0",
			"resolved": "https://registry.npmjs.org/is-fullwidth-code-point/-/is-fullwidth-code-point-1.0.0.tgz",
			"integrity": "sha1-754xOG8DGn8NZDr4L95QxFfvAMs=",
			"requires": {
				"number-is-nan": "1.0.1"
			}
		},
		"js-tokens": {
			"version": "3.0.2",
			"resolved": "https://registry.npmjs.org/js-tokens/-/js-tokens-3.0.2.tgz",
			"integrity": "sha1-mGbfOVECEw449/mWvOtlRDIJwls=",
			"dev": true
		},
		"lazy": {
			"version": "1.0.11",
			"resolved": "https://registry.npmjs.org/lazy/-/lazy-1.0.11.tgz",
			"integrity": "sha1-2qBoIGKCVCwIgojpdcKXwa53tpA=",
			"dev": true
		},
		"lcid": {
			"version": "1.0.0",
			"resolved": "https://registry.npmjs.org/lcid/-/lcid-1.0.0.tgz",
			"integrity": "sha1-MIrMr6C8SDo4Z7S28rlQYlHRuDU=",
			"requires": {
				"invert-kv": "1.0.0"
			}
		},
		"lodash": {
			"version": "3.10.1",
			"resolved": "https://registry.npmjs.org/lodash/-/lodash-3.10.1.tgz",
			"integrity": "sha1-W/Rejkm6QYnhfUgnid/RW9FAt7Y=",
			"dev": true
		},
		"long": {
			"version": "3.2.0",
			"resolved": "https://registry.npmjs.org/long/-/long-3.2.0.tgz",
			"integrity": "sha1-2CG3E4yhy1gcFymQ7xTbIAtcR0s="
		},
		"loose-envify": {
			"version": "1.3.1",
			"resolved": "https://registry.npmjs.org/loose-envify/-/loose-envify-1.3.1.tgz",
			"integrity": "sha1-0aitM/qc4OcT1l/dCsi3SNR4yEg=",
			"dev": true,
			"requires": {
				"js-tokens": "3.0.2"
			}
		},
		"minimatch": {
			"version": "3.0.4",
			"resolved": "https://registry.npmjs.org/minimatch/-/minimatch-3.0.4.tgz",
			"integrity": "sha512-yJHVQEhyqPLUTgt9B83PXu6W3rx4MvvHvSUvToogpwoGDOUQ+yDrR0HRot+yOCdCO7u4hX3pWft6kWBBcqh0UA==",
			"requires": {
				"brace-expansion": "1.1.8"
			}
		},
		"minimist": {
			"version": "0.0.8",
			"resolved": "https://registry.npmjs.org/minimist/-/minimist-0.0.8.tgz",
			"integrity": "sha1-hX/Kv8M5fSYluCKCYuhqp6ARsF0="
		},
		"mkdirp": {
			"version": "0.5.1",
			"resolved": "https://registry.npmjs.org/mkdirp/-/mkdirp-0.5.1.tgz",
			"integrity": "sha1-MAV0OOrGz3+MR2fzhkjWaX11yQM=",
			"requires": {
				"minimist": "0.0.8"
			}
		},
		"ms": {
			"version": "2.0.0",
			"resolved": "https://registry.npmjs.org/ms/-/ms-2.0.0.tgz",
			"integrity": "sha1-VgiurfwAvmwpAd9fmGF4jeDVl8g=",
			"dev": true
		},
		"mute-stream": {
			"version": "0.0.7",
			"resolved": "https://registry.npmjs.org/mute-stream/-/mute-stream-0.0.7.tgz",
			"integrity": "sha1-MHXOk7whuPq0PhvE2n6BFe0ee6s="
		},
		"nan": {
			"version": "2.8.0",
			"resolved": "https://registry.npmjs.org/nan/-/nan-2.8.0.tgz",
			"integrity": "sha1-7XFfP+neArV6XmJS2QqWZ14fCFo="
		},
		"nativescript-accordion": {
			"version": "5.0.3",
			"resolved": "https://registry.npmjs.org/nativescript-accordion/-/nativescript-accordion-5.0.3.tgz",
			"integrity": "sha512-xSbAZNnX3UwxbcmVbbUeikuv9QHmlbdAQ8H3lxK3BEAteUjj1i/V8hxu/0S93eAuGJz4oeFMe9m49IP32bhONw=="
		},
		"nativescript-angular": {
			"version": "4.4.1",
			"resolved": "https://registry.npmjs.org/nativescript-angular/-/nativescript-angular-4.4.1.tgz",
			"integrity": "sha1-eCRonQwtxoKL+xclmBqh9tlCCas=",
			"requires": {
				"nativescript-intl": "3.0.0",
				"reflect-metadata": "0.1.12"
			}
		},
		"nativescript-dev-typescript": {
			"version": "0.5.1",
			"resolved": "https://registry.npmjs.org/nativescript-dev-typescript/-/nativescript-dev-typescript-0.5.1.tgz",
			"integrity": "sha1-YKhRTlqMiOhjfapEcFmzi8Y/x1I=",
			"dev": true,
			"requires": {
				"nativescript-hook": "0.2.2"
			}
		},
		"nativescript-hook": {
			"version": "0.2.2",
			"resolved": "https://registry.npmjs.org/nativescript-hook/-/nativescript-hook-0.2.2.tgz",
			"integrity": "sha1-NMDKi6R6eA63Zz4AU2DSm97GGOI=",
			"requires": {
				"glob": "6.0.4",
				"mkdirp": "0.5.1"
			}
		},
		"nativescript-intl": {
			"version": "3.0.0",
			"resolved": "https://registry.npmjs.org/nativescript-intl/-/nativescript-intl-3.0.0.tgz",
			"integrity": "sha1-gu6b59N3Fys8QpVzRyMDdijhhqc="
		},
		"nativescript-plugin-firebase": {
			"version": "5.1.6",
			"resolved": "https://registry.npmjs.org/nativescript-plugin-firebase/-/nativescript-plugin-firebase-5.1.6.tgz",
			"integrity": "sha1-1xj6mrqADWFG2A42i1+T3nek+gc=",
			"requires": {
				"nativescript-hook": "0.2.2",
				"prompt-lite": "0.1.1"
			}
		},
		"nativescript-pro-ui": {
			"version": "3.3.0",
			"resolved": "https://registry.npmjs.org/nativescript-pro-ui/-/nativescript-pro-ui-3.3.0.tgz",
			"integrity": "sha1-VPfCNZxvfajfYesXLkI781L9i3M="
		},
		"nativescript-theme-core": {
			"version": "1.0.4",
			"resolved": "https://registry.npmjs.org/nativescript-theme-core/-/nativescript-theme-core-1.0.4.tgz",
			"integrity": "sha1-zyiAx/vy/l9D4iNdMJdQeQgD7+E="
		},
		"number-is-nan": {
			"version": "1.0.1",
			"resolved": "https://registry.npmjs.org/number-is-nan/-/number-is-nan-1.0.1.tgz",
			"integrity": "sha1-CXtgK1NCKlIsGvuHkDGDNpQaAR0="
		},
		"once": {
			"version": "1.4.0",
			"resolved": "https://registry.npmjs.org/once/-/once-1.4.0.tgz",
			"integrity": "sha1-WDsap3WWHUsROsF9nFC6753Xa9E=",
			"requires": {
				"wrappy": "1.0.2"
			}
		},
		"optjs": {
			"version": "3.2.2",
			"resolved": "https://registry.npmjs.org/optjs/-/optjs-3.2.2.tgz",
			"integrity": "sha1-aabOicRCpEQDFBrS+bNwvVu29O4="
		},
		"os-locale": {
			"version": "1.4.0",
			"resolved": "https://registry.npmjs.org/os-locale/-/os-locale-1.4.0.tgz",
			"integrity": "sha1-IPnxeuKe00XoveWDsT0gCYA8FNk=",
			"requires": {
				"lcid": "1.0.0"
			}
		},
		"path-is-absolute": {
			"version": "1.0.1",
			"resolved": "https://registry.npmjs.org/path-is-absolute/-/path-is-absolute-1.0.1.tgz",
			"integrity": "sha1-F0uSaHNVNP+8es5r9TpanhtcX18="
		},
		"promise-polyfill": {
			"version": "6.1.0",
			"resolved": "https://registry.npmjs.org/promise-polyfill/-/promise-polyfill-6.1.0.tgz",
			"integrity": "sha1-36lpQ+qcEh/KTem1hoyznTRy4Fc="
		},
		"prompt-lite": {
			"version": "0.1.1",
			"resolved": "https://registry.npmjs.org/prompt-lite/-/prompt-lite-0.1.1.tgz",
			"integrity": "sha1-+oSPgboTnn0/Mhdz3a/JPTKFfHU=",
			"requires": {
				"async": "0.1.22",
				"colors": "0.6.2",
				"read": "1.0.7",
				"revalidator": "0.1.8"
			}
		},
		"protobufjs": {
			"version": "5.0.2",
			"resolved": "https://registry.npmjs.org/protobufjs/-/protobufjs-5.0.2.tgz",
			"integrity": "sha1-WXSNfc8D0tsiwT2p/rAk4Wq4DJE=",
			"requires": {
				"ascli": "1.0.1",
				"bytebuffer": "5.0.1",
				"glob": "7.1.2",
				"yargs": "3.32.0"
			},
			"dependencies": {
				"glob": {
					"version": "7.1.2",
					"resolved": "https://registry.npmjs.org/glob/-/glob-7.1.2.tgz",
					"integrity": "sha512-MJTUg1kjuLeQCJ+ccE4Vpa6kKVXkPYJ2mOCQyUuKLcLQsdrMCpBPUi8qVE6+YuaJkozeA9NusTAw3hLr8Xe5EQ==",
					"requires": {
						"fs.realpath": "1.0.0",
						"inflight": "1.0.6",
						"inherits": "2.0.3",
						"minimatch": "3.0.4",
						"once": "1.4.0",
						"path-is-absolute": "1.0.1"
					}
				}
			}
		},
		"read": {
			"version": "1.0.7",
			"resolved": "https://registry.npmjs.org/read/-/read-1.0.7.tgz",
			"integrity": "sha1-s9oZvQUkMal2cdRKQmNK33ELQMQ=",
			"requires": {
				"mute-stream": "0.0.7"
			}
		},
		"reflect-metadata": {
			"version": "0.1.12",
			"resolved": "https://registry.npmjs.org/reflect-metadata/-/reflect-metadata-0.1.12.tgz",
			"integrity": "sha512-n+IyV+nGz3+0q3/Yf1ra12KpCyi001bi4XFxSjbiWWjfqb52iTTtpGXmCCAOWWIAn9KEuFZKGqBERHmrtScZ3A=="
		},
		"regenerator-runtime": {
			"version": "0.11.1",
			"resolved": "https://registry.npmjs.org/regenerator-runtime/-/regenerator-runtime-0.11.1.tgz",
			"integrity": "sha512-MguG95oij0fC3QV3URf4V2SDYGJhJnJGqvIIgdECeODCT98wSWDAJ94SSuVpYQUoTcGUIL6L4yNB7j1DFFHSBg==",
			"dev": true
		},
		"repeating": {
			"version": "1.1.3",
			"resolved": "https://registry.npmjs.org/repeating/-/repeating-1.1.3.tgz",
			"integrity": "sha1-PUEUIYh3U3SU+X93+Xhfq4EPpKw=",
			"dev": true,
			"requires": {
				"is-finite": "1.0.2"
			}
		},
		"revalidator": {
			"version": "0.1.8",
			"resolved": "https://registry.npmjs.org/revalidator/-/revalidator-0.1.8.tgz",
			"integrity": "sha1-/s5hv6DBtSoga9axgZgYS91SOjs="
		},
		"rxjs": {
			"version": "5.5.4",
			"resolved": "https://registry.npmjs.org/rxjs/-/rxjs-5.5.4.tgz",
			"integrity": "sha512-SFq/gVR1/kj8en/CmaFwX1nPTGUJVtQqzF6V6LLNAziizj/+r0VzztVsaAm/byigKrRxYD0RR52DKIt+6S0DJQ==",
			"requires": {
				"symbol-observable": "1.0.1"
			},
			"dependencies": {
				"symbol-observable": {
					"version": "1.0.1",
					"resolved": "https://registry.npmjs.org/symbol-observable/-/symbol-observable-1.0.1.tgz",
					"integrity": "sha1-g0D8RwLDEi310iKI+IKD9RPT/dQ="
				}
			}
		},
		"string-width": {
			"version": "1.0.2",
			"resolved": "https://registry.npmjs.org/string-width/-/string-width-1.0.2.tgz",
			"integrity": "sha1-EYvfW4zcUaKn5w0hHgfisLmxB9M=",
			"requires": {
				"code-point-at": "1.1.0",
				"is-fullwidth-code-point": "1.0.0",
				"strip-ansi": "3.0.1"
			}
		},
		"strip-ansi": {
			"version": "3.0.1",
			"resolved": "https://registry.npmjs.org/strip-ansi/-/strip-ansi-3.0.1.tgz",
			"integrity": "sha1-ajhfuIU9lS1f8F0Oiq+UJ43GPc8=",
			"requires": {
				"ansi-regex": "2.1.1"
			}
		},
		"supports-color": {
			"version": "2.0.0",
			"resolved": "https://registry.npmjs.org/supports-color/-/supports-color-2.0.0.tgz",
			"integrity": "sha1-U10EXOa2Nj+kARcIRimZXp3zJMc=",
			"dev": true
		},
		"tns-core-modules": {
			"version": "3.3.0",
			"resolved": "https://registry.npmjs.org/tns-core-modules/-/tns-core-modules-3.3.0.tgz",
			"integrity": "sha1-T+sfMRE8VU8LtHmErElvzNta8VY=",
			"requires": {
				"tns-core-modules-widgets": "3.3.0"
			}
		},
		"tns-core-modules-widgets": {
			"version": "3.3.0",
			"resolved": "https://registry.npmjs.org/tns-core-modules-widgets/-/tns-core-modules-widgets-3.3.0.tgz",
			"integrity": "sha1-0qp7smrSEkjJ9cH3X+pRNxhmYiY="
		},
		"to-fast-properties": {
			"version": "1.0.3",
			"resolved": "https://registry.npmjs.org/to-fast-properties/-/to-fast-properties-1.0.3.tgz",
			"integrity": "sha1-uDVx+k2MJbguIxsG46MFXeTKGkc=",
			"dev": true
		},
		"tslib": {
			"version": "1.8.1",
			"resolved": "https://registry.npmjs.org/tslib/-/tslib-1.8.1.tgz",
			"integrity": "sha1-aUavLR1lGnsYY7Ux1uWvpBqkTqw="
		},
		"typescript": {
			"version": "2.6.2",
			"resolved": "https://registry.npmjs.org/typescript/-/typescript-2.6.2.tgz",
			"integrity": "sha1-PFtv1/beCRQmkCfwPAlGdY92c6Q=",
			"dev": true
		},
		"websocket-driver": {
			"version": "0.7.0",
			"resolved": "https://registry.npmjs.org/websocket-driver/-/websocket-driver-0.7.0.tgz",
			"integrity": "sha1-DK+dLXVdk67gSdS90NP+LMoqJOs=",
			"requires": {
				"http-parser-js": "0.4.10",
				"websocket-extensions": "0.1.3"
			}
		},
		"websocket-extensions": {
			"version": "0.1.3",
			"resolved": "https://registry.npmjs.org/websocket-extensions/-/websocket-extensions-0.1.3.tgz",
			"integrity": "sha512-nqHUnMXmBzT0w570r2JpJxfiSD1IzoI+HGVdd3aZ0yNi3ngvQ4jv1dtHt5VGxfI2yj5yqImPhOK4vmIh2xMbGg=="
		},
		"window-size": {
			"version": "0.1.4",
			"resolved": "https://registry.npmjs.org/window-size/-/window-size-0.1.4.tgz",
			"integrity": "sha1-+OGqHuWlPsW/FR/6CXQqatdpeHY="
		},
		"wrap-ansi": {
			"version": "2.1.0",
			"resolved": "https://registry.npmjs.org/wrap-ansi/-/wrap-ansi-2.1.0.tgz",
			"integrity": "sha1-2Pw9KE3QV5T+hJc8rs3Rz4JP3YU=",
			"requires": {
				"string-width": "1.0.2",
				"strip-ansi": "3.0.1"
			}
		},
		"wrappy": {
			"version": "1.0.2",
			"resolved": "https://registry.npmjs.org/wrappy/-/wrappy-1.0.2.tgz",
			"integrity": "sha1-tSQ9jz7BqjXxNkYFvA0QNuMKtp8="
		},
		"xmlhttprequest": {
			"version": "1.8.0",
			"resolved": "https://registry.npmjs.org/xmlhttprequest/-/xmlhttprequest-1.8.0.tgz",
			"integrity": "sha1-Z/4HXFwk/vOfnWX197f+dRcZaPw="
		},
		"y18n": {
			"version": "3.2.1",
			"resolved": "https://registry.npmjs.org/y18n/-/y18n-3.2.1.tgz",
			"integrity": "sha1-bRX7qITAhnnA136I53WegR4H+kE="
		},
		"yargs": {
			"version": "3.32.0",
			"resolved": "https://registry.npmjs.org/yargs/-/yargs-3.32.0.tgz",
			"integrity": "sha1-AwiOnr+edWtpdRYR0qXvWRSCyZU=",
			"requires": {
				"camelcase": "2.1.1",
				"cliui": "3.2.0",
				"decamelize": "1.2.0",
				"os-locale": "1.4.0",
				"string-width": "1.0.2",
				"window-size": "0.1.4",
				"y18n": "3.2.1"
			}
		},
		"zone.js": {
			"version": "0.8.20",
			"resolved": "https://registry.npmjs.org/zone.js/-/zone.js-0.8.20.tgz",
			"integrity": "sha512-FXlA37ErSXCMy5RNBcGFgCI/Zivqzr0D19GuvDxhcYIJc7xkFp6c29DKyODJu0Zo+EMyur/WPPgcBh1EHjB9jA=="
		}
	}
}
